// !$*UTF8*$!
{
	archiveVersion = 1;
	classes = {
	};
	objectVersion = 77;
	objects = {

/* Begin PBXBuildFile section */
		D2D3AD552E0B95E60065562F /* Factory in Frameworks */ = {isa = PBXBuildFile; productRef = D2D3AD542E0B95E60065562F /* Factory */; };
		D2D3AD572E0B95E60065562F /* FactoryKit in Frameworks */ = {isa = PBXBuildFile; productRef = D2D3AD562E0B95E60065562F /* FactoryKit */; };
/* End PBXBuildFile section */

/* Begin PBXContainerItemProxy section */
		D2D3AD2B2E0B7CA70065562F /* PBXContainerItemProxy */ = {
			isa = PBXContainerItemProxy;
			containerPortal = D2D3AD0C2E0B7CA50065562F /* Project object */;
			proxyType = 1;
			remoteGlobalIDString = D2D3AD132E0B7CA50065562F;
			remoteInfo = Ingetin;
		};
		D2D3AD352E0B7CA70065562F /* PBXContainerItemProxy */ = {
			isa = PBXContainerItemProxy;
			containerPortal = D2D3AD0C2E0B7CA50065562F /* Project object */;
			proxyType = 1;
			remoteGlobalIDString = D2D3AD132E0B7CA50065562F;
			remoteInfo = Ingetin;
		};
/* End PBXContainerItemProxy section */

/* Begin PBXFileReference section */
		D2D3AD142E0B7CA50065562F /* Ingetin.app */ = {isa = PBXFileReference; explicitFileType = wrapper.application; includeInIndex = 0; path = Ingetin.app; sourceTree = BUILT_PRODUCTS_DIR; };
		D2D3AD2A2E0B7CA70065562F /* IngetinTests.xctest */ = {isa = PBXFileReference; explicitFileType = wrapper.cfbundle; includeInIndex = 0; path = IngetinTests.xctest; sourceTree = BUILT_PRODUCTS_DIR; };
		D2D3AD342E0B7CA70065562F /* IngetinUITests.xctest */ = {isa = PBXFileReference; explicitFileType = wrapper.cfbundle; includeInIndex = 0; path = IngetinUITests.xctest; sourceTree = BUILT_PRODUCTS_DIR; };
/* End PBXFileReference section */

/* Begin PBXFileSystemSynchronizedBuildFileExceptionSet section */
		D266A0D92E1263A700698C0E /* Exceptions for "Ingetin" folder in "Ingetin" target */ = {
			isa = PBXFileSystemSynchronizedBuildFileExceptionSet;
			membershipExceptions = (
				Info.plist,
			);
			target = D2D3AD132E0B7CA50065562F /* Ingetin */;
		};
/* End PBXFileSystemSynchronizedBuildFileExceptionSet section */

/* Begin PBXFileSystemSynchronizedRootGroup section */
		D2D3AD162E0B7CA50065562F /* Ingetin */ = {
			isa = PBXFileSystemSynchronizedRootGroup;
			exceptions = (
				D266A0D92E1263A700698C0E /* Exceptions for "Ingetin" folder in "Ingetin" target */,
			);
			path = Ingetin;
			sourceTree = "<group>";
		};
		D2D3AD2D2E0B7CA70065562F /* IngetinTests */ = {
			isa = PBXFileSystemSynchronizedRootGroup;
			path = IngetinTests;
			sourceTree = "<group>";
		};
		D2D3AD372E0B7CA70065562F /* IngetinUITests */ = {
			isa = PBXFileSystemSynchronizedRootGroup;
			path = IngetinUITests;
			sourceTree = "<group>";
		};
/* End PBXFileSystemSynchronizedRootGroup section */

/* Begin PBXFrameworksBuildPhase section */
		D2D3AD112E0B7CA50065562F /* Frameworks */ = {
			isa = PBXFrameworksBuildPhase;
			buildActionMask = 2147483647;
			files = (
				D2D3AD572E0B95E60065562F /* FactoryKit in Frameworks */,
				D2D3AD552E0B95E60065562F /* Factory in Frameworks */,
			);
			runOnlyForDeploymentPostprocessing = 0;
		};
		D2D3AD272E0B7CA70065562F /* Frameworks */ = {
			isa = PBXFrameworksBuildPhase;
			buildActionMask = 2147483647;
			files = (
			);
			runOnlyForDeploymentPostprocessing = 0;
		};
		D2D3AD312E0B7CA70065562F /* Frameworks */ = {
			isa = PBXFrameworksBuildPhase;
			buildActionMask = 2147483647;
			files = (
			);
			runOnlyForDeploymentPostprocessing = 0;
		};
/* End PBXFrameworksBuildPhase section */

/* Begin PBXGroup section */
		D2D3AD0B2E0B7CA50065562F = {
			isa = PBXGroup;
			children = (
				D2D3AD162E0B7CA50065562F /* Ingetin */,
				D2D3AD2D2E0B7CA70065562F /* IngetinTests */,
				D2D3AD372E0B7CA70065562F /* IngetinUITests */,
				D2D3AD152E0B7CA50065562F /* Products */,
			);
			sourceTree = "<group>";
		};
		D2D3AD152E0B7CA50065562F /* Products */ = {
			isa = PBXGroup;
			children = (
				D2D3AD142E0B7CA50065562F /* Ingetin.app */,
				D2D3AD2A2E0B7CA70065562F /* IngetinTests.xctest */,
				D2D3AD342E0B7CA70065562F /* IngetinUITests.xctest */,
			);
			name = Products;
			sourceTree = "<group>";
		};
/* End PBXGroup section */

/* Begin PBXNativeTarget section */
		D2D3AD132E0B7CA50065562F /* Ingetin */ = {
			isa = PBXNativeTarget;
			buildConfigurationList = D2D3AD3E2E0B7CA70065562F /* Build configuration list for PBXNativeTarget "Ingetin" */;
			buildPhases = (
				D2D3AD102E0B7CA50065562F /* Sources */,
				D2D3AD112E0B7CA50065562F /* Frameworks */,
				D2D3AD122E0B7CA50065562F /* Resources */,
			);
			buildRules = (
			);
			dependencies = (
			);
			fileSystemSynchronizedGroups = (
				D2D3AD162E0B7CA50065562F /* Ingetin */,
			);
			name = Ingetin;
			packageProductDependencies = (
				D2D3AD542E0B95E60065562F /* Factory */,
				D2D3AD562E0B95E60065562F /* FactoryKit */,
			);
			productName = Ingetin;
			productReference = D2D3AD142E0B7CA50065562F /* Ingetin.app */;
			productType = "com.apple.product-type.application";
		};
		D2D3AD292E0B7CA70065562F /* IngetinTests */ = {
			isa = PBXNativeTarget;
			buildConfigurationList = D2D3AD412E0B7CA70065562F /* Build configuration list for PBXNativeTarget "IngetinTests" */;
			buildPhases = (
				D2D3AD262E0B7CA70065562F /* Sources */,
				D2D3AD272E0B7CA70065562F /* Frameworks */,
				D2D3AD282E0B7CA70065562F /* Resources */,
			);
			buildRules = (
			);
			dependencies = (
				D2D3AD2C2E0B7CA70065562F /* PBXTargetDependency */,
			);
			fileSystemSynchronizedGroups = (
				D2D3AD2D2E0B7CA70065562F /* IngetinTests */,
			);
			name = IngetinTests;
			packageProductDependencies = (
			);
			productName = IngetinTests;
			productReference = D2D3AD2A2E0B7CA70065562F /* IngetinTests.xctest */;
			productType = "com.apple.product-type.bundle.unit-test";
		};
		D2D3AD332E0B7CA70065562F /* IngetinUITests */ = {
			isa = PBXNativeTarget;
			buildConfigurationList = D2D3AD442E0B7CA70065562F /* Build configuration list for PBXNativeTarget "IngetinUITests" */;
			buildPhases = (
				D2D3AD302E0B7CA70065562F /* Sources */,
				D2D3AD312E0B7CA70065562F /* Frameworks */,
				D2D3AD322E0B7CA70065562F /* Resources */,
			);
			buildRules = (
			);
			dependencies = (
				D2D3AD362E0B7CA70065562F /* PBXTargetDependency */,
			);
			fileSystemSynchronizedGroups = (
				D2D3AD372E0B7CA70065562F /* IngetinUITests */,
			);
			name = IngetinUITests;
			packageProductDependencies = (
			);
			productName = IngetinUITests;
			productReference = D2D3AD342E0B7CA70065562F /* IngetinUITests.xctest */;
			productType = "com.apple.product-type.bundle.ui-testing";
		};
/* End PBXNativeTarget section */

/* Begin PBXProject section */
		D2D3AD0C2E0B7CA50065562F /* Project object */ = {
			isa = PBXProject;
			attributes = {
				BuildIndependentTargetsInParallel = 1;
				LastSwiftUpdateCheck = 1620;
				LastUpgradeCheck = 1620;
				TargetAttributes = {
					D2D3AD132E0B7CA50065562F = {
						CreatedOnToolsVersion = 16.2;
					};
					D2D3AD292E0B7CA70065562F = {
						CreatedOnToolsVersion = 16.2;
						TestTargetID = D2D3AD132E0B7CA50065562F;
					};
					D2D3AD332E0B7CA70065562F = {
						CreatedOnToolsVersion = 16.2;
						TestTargetID = D2D3AD132E0B7CA50065562F;
					};
				};
			};
			buildConfigurationList = D2D3AD0F2E0B7CA50065562F /* Build configuration list for PBXProject "Ingetin" */;
			developmentRegion = en;
			hasScannedForEncodings = 0;
			knownRegions = (
				en,
				Base,
			);
			mainGroup = D2D3AD0B2E0B7CA50065562F;
			minimizedProjectReferenceProxies = 1;
			packageReferences = (
				D2D3AD532E0B95E60065562F /* XCRemoteSwiftPackageReference "Factory" */,
			);
			preferredProjectObjectVersion = 77;
			productRefGroup = D2D3AD152E0B7CA50065562F /* Products */;
			projectDirPath = "";
			projectRoot = "";
			targets = (
				D2D3AD132E0B7CA50065562F /* Ingetin */,
				D2D3AD292E0B7CA70065562F /* IngetinTests */,
				D2D3AD332E0B7CA70065562F /* IngetinUITests */,
			);
		};
/* End PBXProject section */

/* Begin PBXResourcesBuildPhase section */
		D2D3AD122E0B7CA50065562F /* Resources */ = {
			isa = PBXResourcesBuildPhase;
			buildActionMask = 2147483647;
			files = (
			);
			runOnlyForDeploymentPostprocessing = 0;
		};
		D2D3AD282E0B7CA70065562F /* Resources */ = {
			isa = PBXResourcesBuildPhase;
			buildActionMask = 2147483647;
			files = (
			);
			runOnlyForDeploymentPostprocessing = 0;
		};
		D2D3AD322E0B7CA70065562F /* Resources */ = {
			isa = PBXResourcesBuildPhase;
			buildActionMask = 2147483647;
			files = (
			);
			runOnlyForDeploymentPostprocessing = 0;
		};
/* End PBXResourcesBuildPhase section */

/* Begin PBXSourcesBuildPhase section */
		D2D3AD102E0B7CA50065562F /* Sources */ = {
			isa = PBXSourcesBuildPhase;
			buildActionMask = 2147483647;
			files = (
			);
			runOnlyForDeploymentPostprocessing = 0;
		};
		D2D3AD262E0B7CA70065562F /* Sources */ = {
			isa = PBXSourcesBuildPhase;
			buildActionMask = 2147483647;
			files = (
			);
			runOnlyForDeploymentPostprocessing = 0;
		};
		D2D3AD302E0B7CA70065562F /* Sources */ = {
			isa = PBXSourcesBuildPhase;
			buildActionMask = 2147483647;
			files = (
			);
			runOnlyForDeploymentPostprocessing = 0;
		};
/* End PBXSourcesBuildPhase section */

/* Begin PBXTargetDependency section */
		D2D3AD2C2E0B7CA70065562F /* PBXTargetDependency */ = {
			isa = PBXTargetDependency;
			target = D2D3AD132E0B7CA50065562F /* Ingetin */;
			targetProxy = D2D3AD2B2E0B7CA70065562F /* PBXContainerItemProxy */;
		};
		D2D3AD362E0B7CA70065562F /* PBXTargetDependency */ = {
			isa = PBXTargetDependency;
			target = D2D3AD132E0B7CA50065562F /* Ingetin */;
			targetProxy = D2D3AD352E0B7CA70065562F /* PBXContainerItemProxy */;
		};
/* End PBXTargetDependency section */

/* Begin XCBuildConfiguration section */
		D2D3AD3C2E0B7CA70065562F /* Debug */ = {
			isa = XCBuildConfiguration;
			buildSettings = {
				ALWAYS_SEARCH_USER_PATHS = NO;
				ASSETCATALOG_COMPILER_GENERATE_SWIFT_ASSET_SYMBOL_EXTENSIONS = YES;
				CLANG_ANALYZER_NONNULL = YES;
				CLANG_ANALYZER_NUMBER_OBJECT_CONVERSION = YES_AGGRESSIVE;
				CLANG_CXX_LANGUAGE_STANDARD = "gnu++20";
				CLANG_ENABLE_MODULES = YES;
				CLANG_ENABLE_OBJC_ARC = YES;
				CLANG_ENABLE_OBJC_WEAK = YES;
				CLANG_WARN_BLOCK_CAPTURE_AUTORELEASING = YES;
				CLANG_WARN_BOOL_CONVERSION = YES;
				CLANG_WARN_COMMA = YES;
				CLANG_WARN_CONSTANT_CONVERSION = YES;
				CLANG_WARN_DEPRECATED_OBJC_IMPLEMENTATIONS = YES;
				CLANG_WARN_DIRECT_OBJC_ISA_USAGE = YES_ERROR;
				CLANG_WARN_DOCUMENTATION_COMMENTS = YES;
				CLANG_WARN_EMPTY_BODY = YES;
				CLANG_WARN_ENUM_CONVERSION = YES;
				CLANG_WARN_INFINITE_RECURSION = YES;
				CLANG_WARN_INT_CONVERSION = YES;
				CLANG_WARN_NON_LITERAL_NULL_CONVERSION = YES;
				CLANG_WARN_OBJC_IMPLICIT_RETAIN_SELF = YES;
				CLANG_WARN_OBJC_LITERAL_CONVERSION = YES;
				CLANG_WARN_OBJC_ROOT_CLASS = YES_ERROR;
				CLANG_WARN_QUOTED_INCLUDE_IN_FRAMEWORK_HEADER = YES;
				CLANG_WARN_RANGE_LOOP_ANALYSIS = YES;
				CLANG_WARN_STRICT_PROTOTYPES = YES;
				CLANG_WARN_SUSPICIOUS_MOVE = YES;
				CLANG_WARN_UNGUARDED_AVAILABILITY = YES_AGGRESSIVE;
				CLANG_WARN_UNREACHABLE_CODE = YES;
				CLANG_WARN__DUPLICATE_METHOD_MATCH = YES;
				COPY_PHASE_STRIP = NO;
				DEBUG_INFORMATION_FORMAT = dwarf;
				ENABLE_STRICT_OBJC_MSGSEND = YES;
				ENABLE_TESTABILITY = YES;
				ENABLE_USER_SCRIPT_SANDBOXING = YES;
				GCC_C_LANGUAGE_STANDARD = gnu17;
				GCC_DYNAMIC_NO_PIC = NO;
				GCC_NO_COMMON_BLOCKS = YES;
				GCC_OPTIMIZATION_LEVEL = 0;
				GCC_PREPROCESSOR_DEFINITIONS = (
					"DEBUG=1",
					"$(inherited)",
				);
				GCC_WARN_64_TO_32_BIT_CONVERSION = YES;
				GCC_WARN_ABOUT_RETURN_TYPE = YES_ERROR;
				GCC_WARN_UNDECLARED_SELECTOR = YES;
				GCC_WARN_UNINITIALIZED_AUTOS = YES_AGGRESSIVE;
				GCC_WARN_UNUSED_FUNCTION = YES;
				GCC_WARN_UNUSED_VARIABLE = YES;
				LOCALIZATION_PREFERS_STRING_CATALOGS = YES;
				MTL_ENABLE_DEBUG_INFO = INCLUDE_SOURCE;
				MTL_FAST_MATH = YES;
				ONLY_ACTIVE_ARCH = YES;
				SWIFT_ACTIVE_COMPILATION_CONDITIONS = "DEBUG $(inherited)";
				SWIFT_OPTIMIZATION_LEVEL = "-Onone";
			};
			name = Debug;
		};
		D2D3AD3D2E0B7CA70065562F /* Release */ = {
			isa = XCBuildConfiguration;
			buildSettings = {
				ALWAYS_SEARCH_USER_PATHS = NO;
				ASSETCATALOG_COMPILER_GENERATE_SWIFT_ASSET_SYMBOL_EXTENSIONS = YES;
				CLANG_ANALYZER_NONNULL = YES;
				CLANG_ANALYZER_NUMBER_OBJECT_CONVERSION = YES_AGGRESSIVE;
				CLANG_CXX_LANGUAGE_STANDARD = "gnu++20";
				CLANG_ENABLE_MODULES = YES;
				CLANG_ENABLE_OBJC_ARC = YES;
				CLANG_ENABLE_OBJC_WEAK = YES;
				CLANG_WARN_BLOCK_CAPTURE_AUTORELEASING = YES;
				CLANG_WARN_BOOL_CONVERSION = YES;
				CLANG_WARN_COMMA = YES;
				CLANG_WARN_CONSTANT_CONVERSION = YES;
				CLANG_WARN_DEPRECATED_OBJC_IMPLEMENTATIONS = YES;
				CLANG_WARN_DIRECT_OBJC_ISA_USAGE = YES_ERROR;
				CLANG_WARN_DOCUMENTATION_COMMENTS = YES;
				CLANG_WARN_EMPTY_BODY = YES;
				CLANG_WARN_ENUM_CONVERSION = YES;
				CLANG_WARN_INFINITE_RECURSION = YES;
				CLANG_WARN_INT_CONVERSION = YES;
				CLANG_WARN_NON_LITERAL_NULL_CONVERSION = YES;
				CLANG_WARN_OBJC_IMPLICIT_RETAIN_SELF = YES;
				CLANG_WARN_OBJC_LITERAL_CONVERSION = YES;
				CLANG_WARN_OBJC_ROOT_CLASS = YES_ERROR;
				CLANG_WARN_QUOTED_INCLUDE_IN_FRAMEWORK_HEADER = YES;
				CLANG_WARN_RANGE_LOOP_ANALYSIS = YES;
				CLANG_WARN_STRICT_PROTOTYPES = YES;
				CLANG_WARN_SUSPICIOUS_MOVE = YES;
				CLANG_WARN_UNGUARDED_AVAILABILITY = YES_AGGRESSIVE;
				CLANG_WARN_UNREACHABLE_CODE = YES;
				CLANG_WARN__DUPLICATE_METHOD_MATCH = YES;
				COPY_PHASE_STRIP = NO;
				DEBUG_INFORMATION_FORMAT = "dwarf-with-dsym";
				ENABLE_NS_ASSERTIONS = NO;
				ENABLE_STRICT_OBJC_MSGSEND = YES;
				ENABLE_USER_SCRIPT_SANDBOXING = YES;
				GCC_C_LANGUAGE_STANDARD = gnu17;
				GCC_NO_COMMON_BLOCKS = YES;
				GCC_WARN_64_TO_32_BIT_CONVERSION = YES;
				GCC_WARN_ABOUT_RETURN_TYPE = YES_ERROR;
				GCC_WARN_UNDECLARED_SELECTOR = YES;
				GCC_WARN_UNINITIALIZED_AUTOS = YES_AGGRESSIVE;
				GCC_WARN_UNUSED_FUNCTION = YES;
				GCC_WARN_UNUSED_VARIABLE = YES;
				LOCALIZATION_PREFERS_STRING_CATALOGS = YES;
				MTL_ENABLE_DEBUG_INFO = NO;
				MTL_FAST_MATH = YES;
				SWIFT_COMPILATION_MODE = wholemodule;
			};
			name = Release;
		};
		D2D3AD3F2E0B7CA70065562F /* Debug */ = {
			isa = XCBuildConfiguration;
			buildSettings = {
				ASSETCATALOG_COMPILER_APPICON_NAME = AppIcon;
				ASSETCATALOG_COMPILER_GLOBAL_ACCENT_COLOR_NAME = AccentColor;
				CODE_SIGN_ENTITLEMENTS = Ingetin/Ingetin.entitlements;
				CODE_SIGN_STYLE = Automatic;
				CURRENT_PROJECT_VERSION = 1;
				DEVELOPMENT_ASSET_PATHS = "\"Ingetin/Preview Content\"";
				DEVELOPMENT_TEAM = DS8DA7YN5X;
				ENABLE_HARDENED_RUNTIME = YES;
				ENABLE_PREVIEWS = YES;
				GENERATE_INFOPLIST_FILE = YES;
				INFOPLIST_FILE = Ingetin/Info.plist;
				"INFOPLIST_KEY_UIApplicationSceneManifest_Generation[sdk=iphoneos*]" = YES;
				"INFOPLIST_KEY_UIApplicationSceneManifest_Generation[sdk=iphonesimulator*]" = YES;
				"INFOPLIST_KEY_UIApplicationSupportsIndirectInputEvents[sdk=iphoneos*]" = YES;
				"INFOPLIST_KEY_UIApplicationSupportsIndirectInputEvents[sdk=iphonesimulator*]" = YES;
				"INFOPLIST_KEY_UILaunchScreen_Generation[sdk=iphoneos*]" = YES;
				"INFOPLIST_KEY_UILaunchScreen_Generation[sdk=iphonesimulator*]" = YES;
				"INFOPLIST_KEY_UIStatusBarStyle[sdk=iphoneos*]" = UIStatusBarStyleDefault;
				"INFOPLIST_KEY_UIStatusBarStyle[sdk=iphonesimulator*]" = UIStatusBarStyleDefault;
				INFOPLIST_KEY_UISupportedInterfaceOrientations_iPad = "UIInterfaceOrientationPortrait UIInterfaceOrientationPortraitUpsideDown UIInterfaceOrientationLandscapeLeft UIInterfaceOrientationLandscapeRight";
				INFOPLIST_KEY_UISupportedInterfaceOrientations_iPhone = "UIInterfaceOrientationPortrait UIInterfaceOrientationLandscapeLeft UIInterfaceOrientationLandscapeRight";
				IPHONEOS_DEPLOYMENT_TARGET = 16;
				LD_RUNPATH_SEARCH_PATHS = "@executable_path/Frameworks";
				"LD_RUNPATH_SEARCH_PATHS[sdk=macosx*]" = "@executable_path/../Frameworks";
				MACOSX_DEPLOYMENT_TARGET = 13;
				MARKETING_VERSION = 1.0;
				PRODUCT_BUNDLE_IDENTIFIER = io.github.mryusuf.Ingetin;
				PRODUCT_NAME = "$(TARGET_NAME)";
				SDKROOT = auto;
				SUPPORTED_PLATFORMS = "iphoneos iphonesimulator macosx xros xrsimulator";
				SWIFT_EMIT_LOC_STRINGS = YES;
				SWIFT_VERSION = 5.0;
				TARGETED_DEVICE_FAMILY = "1,2,7";
				XROS_DEPLOYMENT_TARGET = 1.3;
			};
			name = Debug;
		};
		D2D3AD402E0B7CA70065562F /* Release */ = {
			isa = XCBuildConfiguration;
			buildSettings = {
				ASSETCATALOG_COMPILER_APPICON_NAME = AppIcon;
				ASSETCATALOG_COMPILER_GLOBAL_ACCENT_COLOR_NAME = AccentColor;
				CODE_SIGN_ENTITLEMENTS = Ingetin/Ingetin.entitlements;
				CODE_SIGN_STYLE = Automatic;
				CURRENT_PROJECT_VERSION = 1;
				DEVELOPMENT_ASSET_PATHS = "\"Ingetin/Preview Content\"";
				DEVELOPMENT_TEAM = DS8DA7YN5X;
				ENABLE_HARDENED_RUNTIME = YES;
				ENABLE_PREVIEWS = YES;
				GENERATE_INFOPLIST_FILE = YES;
				INFOPLIST_FILE = Ingetin/Info.plist;
				"INFOPLIST_KEY_UIApplicationSceneManifest_Generation[sdk=iphoneos*]" = YES;
				"INFOPLIST_KEY_UIApplicationSceneManifest_Generation[sdk=iphonesimulator*]" = YES;
				"INFOPLIST_KEY_UIApplicationSupportsIndirectInputEvents[sdk=iphoneos*]" = YES;
				"INFOPLIST_KEY_UIApplicationSupportsIndirectInputEvents[sdk=iphonesimulator*]" = YES;
				"INFOPLIST_KEY_UILaunchScreen_Generation[sdk=iphoneos*]" = YES;
				"INFOPLIST_KEY_UILaunchScreen_Generation[sdk=iphonesimulator*]" = YES;
				"INFOPLIST_KEY_UIStatusBarStyle[sdk=iphoneos*]" = UIStatusBarStyleDefault;
				"INFOPLIST_KEY_UIStatusBarStyle[sdk=iphonesimulator*]" = UIStatusBarStyleDefault;
				INFOPLIST_KEY_UISupportedInterfaceOrientations_iPad = "UIInterfaceOrientationPortrait UIInterfaceOrientationPortraitUpsideDown UIInterfaceOrientationLandscapeLeft UIInterfaceOrientationLandscapeRight";
				INFOPLIST_KEY_UISupportedInterfaceOrientations_iPhone = "UIInterfaceOrientationPortrait UIInterfaceOrientationLandscapeLeft UIInterfaceOrientationLandscapeRight";
				IPHONEOS_DEPLOYMENT_TARGET = 16;
				LD_RUNPATH_SEARCH_PATHS = "@executable_path/Frameworks";
				"LD_RUNPATH_SEARCH_PATHS[sdk=macosx*]" = "@executable_path/../Frameworks";
				MACOSX_DEPLOYMENT_TARGET = 13;
				MARKETING_VERSION = 1.0;
				PRODUCT_BUNDLE_IDENTIFIER = io.github.mryusuf.Ingetin;
				PRODUCT_NAME = "$(TARGET_NAME)";
				SDKROOT = auto;
				SUPPORTED_PLATFORMS = "iphoneos iphonesimulator macosx xros xrsimulator";
				SWIFT_EMIT_LOC_STRINGS = YES;
				SWIFT_VERSION = 5.0;
				TARGETED_DEVICE_FAMILY = "1,2,7";
				XROS_DEPLOYMENT_TARGET = 1.3;
			};
			name = Release;
		};
		D2D3AD422E0B7CA70065562F /* Debug */ = {
			isa = XCBuildConfiguration;
			buildSettings = {
				BUNDLE_LOADER = "$(TEST_HOST)";
				CODE_SIGN_STYLE = Automatic;
				CURRENT_PROJECT_VERSION = 1;
				DEVELOPMENT_TEAM = DS8DA7YN5X;
				GENERATE_INFOPLIST_FILE = YES;
				IPHONEOS_DEPLOYMENT_TARGET = 18.2;
				MACOSX_DEPLOYMENT_TARGET = 15.2;
				MARKETING_VERSION = 1.0;
				PRODUCT_BUNDLE_IDENTIFIER = io.github.mryusuf.IngetinTests;
				PRODUCT_NAME = "$(TARGET_NAME)";
				SDKROOT = auto;
				SUPPORTED_PLATFORMS = "iphoneos iphonesimulator macosx xros xrsimulator";
				SWIFT_EMIT_LOC_STRINGS = NO;
				SWIFT_VERSION = 5.0;
				TARGETED_DEVICE_FAMILY = "1,2,7";
				TEST_HOST = "$(BUILT_PRODUCTS_DIR)/Ingetin.app/$(BUNDLE_EXECUTABLE_FOLDER_PATH)/Ingetin";
				XROS_DEPLOYMENT_TARGET = 2.2;
			};
			name = Debug;
		};
		D2D3AD432E0B7CA70065562F /* Release */ = {
			isa = XCBuildConfiguration;
			buildSettings = {
				BUNDLE_LOADER = "$(TEST_HOST)";
				CODE_SIGN_STYLE = Automatic;
				CURRENT_PROJECT_VERSION = 1;
				DEVELOPMENT_TEAM = DS8DA7YN5X;
				GENERATE_INFOPLIST_FILE = YES;
				IPHONEOS_DEPLOYMENT_TARGET = 18.2;
				MACOSX_DEPLOYMENT_TARGET = 15.2;
				MARKETING_VERSION = 1.0;
				PRODUCT_BUNDLE_IDENTIFIER = io.github.mryusuf.IngetinTests;
				PRODUCT_NAME = "$(TARGET_NAME)";
				SDKROOT = auto;
				SUPPORTED_PLATFORMS = "iphoneos iphonesimulator macosx xros xrsimulator";
				SWIFT_EMIT_LOC_STRINGS = NO;
				SWIFT_VERSION = 5.0;
				TARGETED_DEVICE_FAMILY = "1,2,7";
				TEST_HOST = "$(BUILT_PRODUCTS_DIR)/Ingetin.app/$(BUNDLE_EXECUTABLE_FOLDER_PATH)/Ingetin";
				XROS_DEPLOYMENT_TARGET = 2.2;
			};
			name = Release;
		};
		D2D3AD452E0B7CA70065562F /* Debug */ = {
			isa = XCBuildConfiguration;
			buildSettings = {
				CODE_SIGN_STYLE = Automatic;
				CURRENT_PROJECT_VERSION = 1;
				DEVELOPMENT_TEAM = DS8DA7YN5X;
				GENERATE_INFOPLIST_FILE = YES;
				IPHONEOS_DEPLOYMENT_TARGET = 18.2;
				MACOSX_DEPLOYMENT_TARGET = 15.2;
				MARKETING_VERSION = 1.0;
				PRODUCT_BUNDLE_IDENTIFIER = io.github.mryusuf.IngetinUITests;
				PRODUCT_NAME = "$(TARGET_NAME)";
				SDKROOT = auto;
				SUPPORTED_PLATFORMS = "iphoneos iphonesimulator macosx xros xrsimulator";
				SWIFT_EMIT_LOC_STRINGS = NO;
				SWIFT_VERSION = 5.0;
				TARGETED_DEVICE_FAMILY = "1,2,7";
				TEST_TARGET_NAME = Ingetin;
				XROS_DEPLOYMENT_TARGET = 2.2;
			};
			name = Debug;
		};
		D2D3AD462E0B7CA70065562F /* Release */ = {
			isa = XCBuildConfiguration;
			buildSettings = {
				CODE_SIGN_STYLE = Automatic;
				CURRENT_PROJECT_VERSION = 1;
				DEVELOPMENT_TEAM = DS8DA7YN5X;
				GENERATE_INFOPLIST_FILE = YES;
				IPHONEOS_DEPLOYMENT_TARGET = 18.2;
				MACOSX_DEPLOYMENT_TARGET = 15.2;
				MARKETING_VERSION = 1.0;
				PRODUCT_BUNDLE_IDENTIFIER = io.github.mryusuf.IngetinUITests;
				PRODUCT_NAME = "$(TARGET_NAME)";
				SDKROOT = auto;
				SUPPORTED_PLATFORMS = "iphoneos iphonesimulator macosx xros xrsimulator";
				SWIFT_EMIT_LOC_STRINGS = NO;
				SWIFT_VERSION = 5.0;
				TARGETED_DEVICE_FAMILY = "1,2,7";
				TEST_TARGET_NAME = Ingetin;
				XROS_DEPLOYMENT_TARGET = 2.2;
			};
			name = Release;
		};
/* End XCBuildConfiguration section */

/* Begin XCConfigurationList section */
		D2D3AD0F2E0B7CA50065562F /* Build configuration list for PBXProject "Ingetin" */ = {
			isa = XCConfigurationList;
			buildConfigurations = (
				D2D3AD3C2E0B7CA70065562F /* Debug */,
				D2D3AD3D2E0B7CA70065562F /* Release */,
			);
			defaultConfigurationIsVisible = 0;
			defaultConfigurationName = Release;
		};
		D2D3AD3E2E0B7CA70065562F /* Build configuration list for PBXNativeTarget "Ingetin" */ = {
			isa = XCConfigurationList;
			buildConfigurations = (
				D2D3AD3F2E0B7CA70065562F /* Debug */,
				D2D3AD402E0B7CA70065562F /* Release */,
			);
			defaultConfigurationIsVisible = 0;
			defaultConfigurationName = Release;
		};
		D2D3AD412E0B7CA70065562F /* Build configuration list for PBXNativeTarget "IngetinTests" */ = {
			isa = XCConfigurationList;
			buildConfigurations = (
				D2D3AD422E0B7CA70065562F /* Debug */,
				D2D3AD432E0B7CA70065562F /* Release */,
			);
			defaultConfigurationIsVisible = 0;
			defaultConfigurationName = Release;
		};
		D2D3AD442E0B7CA70065562F /* Build configuration list for PBXNativeTarget "IngetinUITests" */ = {
			isa = XCConfigurationList;
			buildConfigurations = (
				D2D3AD452E0B7CA70065562F /* Debug */,
				D2D3AD462E0B7CA70065562F /* Release */,
			);
			defaultConfigurationIsVisible = 0;
			defaultConfigurationName = Release;
		};
/* End XCConfigurationList section */

/* Begin XCRemoteSwiftPackageReference section */
		D2D3AD532E0B95E60065562F /* XCRemoteSwiftPackageReference "Factory" */ = {
			isa = XCRemoteSwiftPackageReference;
			repositoryURL = "https://github.com/hmlongco/Factory";
			requirement = {
				kind = upToNextMajorVersion;
				minimumVersion = 2.5.3;
			};
		};
/* End XCRemoteSwiftPackageReference section */

/* Begin XCSwiftPackageProductDependency section */
		D2D3AD542E0B95E60065562F /* Factory */ = {
			isa = XCSwiftPackageProductDependency;
			package = D2D3AD532E0B95E60065562F /* XCRemoteSwiftPackageReference "Factory" */;
			productName = Factory;
		};
		D2D3AD562E0B95E60065562F /* FactoryKit */ = {
			isa = XCSwiftPackageProductDependency;
			package = D2D3AD532E0B95E60065562F /* XCRemoteSwiftPackageReference "Factory" */;
			productName = FactoryKit;
		};
/* End XCSwiftPackageProductDependency section */
	};
	rootObject = D2D3AD0C2E0B7CA50065562F /* Project object */;
}
